// !$*UTF8*$!
{
	archiveVersion = 1;
	classes = {
	};
	objectVersion = 50;
	objects = {

/* Begin PBXBuildFile section */
		2024732C2128260D00A9227E /* AppDelegate.swift in Sources */ = {isa = PBXBuildFile; fileRef = 2024732B2128260D00A9227E /* AppDelegate.swift */; };
		2024732E2128260D00A9227E /* ViewController.swift in Sources */ = {isa = PBXBuildFile; fileRef = 2024732D2128260D00A9227E /* ViewController.swift */; };
		202473302128260E00A9227E /* Assets.xcassets in Resources */ = {isa = PBXBuildFile; fileRef = 2024732F2128260E00A9227E /* Assets.xcassets */; };
		202473332128260E00A9227E /* Main.storyboard in Resources */ = {isa = PBXBuildFile; fileRef = 202473312128260E00A9227E /* Main.storyboard */; };
		2024733D2128264900A9227E /* IBSwitch.swift in Sources */ = {isa = PBXBuildFile; fileRef = 2024733C2128264900A9227E /* IBSwitch.swift */; };
		2024733F212828F400A9227E /* switchApp.icns in Resources */ = {isa = PBXBuildFile; fileRef = 2024733E212828F400A9227E /* switchApp.icns */; };
/* End PBXBuildFile section */

/* Begin PBXFileReference section */
		202473282128260D00A9227E /* IBSwitch.app */ = {isa = PBXFileReference; explicitFileType = wrapper.application; includeInIndex = 0; path = IBSwitch.app; sourceTree = BUILT_PRODUCTS_DIR; };
		2024732B2128260D00A9227E /* AppDelegate.swift */ = {isa = PBXFileReference; lastKnownFileType = sourcecode.swift; path = AppDelegate.swift; sourceTree = "<group>"; };
		2024732D2128260D00A9227E /* ViewController.swift */ = {isa = PBXFileReference; lastKnownFileType = sourcecode.swift; path = ViewController.swift; sourceTree = "<group>"; };
		2024732F2128260E00A9227E /* Assets.xcassets */ = {isa = PBXFileReference; lastKnownFileType = folder.assetcatalog; path = Assets.xcassets; sourceTree = "<group>"; };
		202473322128260E00A9227E /* Base */ = {isa = PBXFileReference; lastKnownFileType = file.storyboard; name = Base; path = Base.lproj/Main.storyboard; sourceTree = "<group>"; };
		202473342128260E00A9227E /* Info.plist */ = {isa = PBXFileReference; lastKnownFileType = text.plist.xml; path = Info.plist; sourceTree = "<group>"; };
		202473352128260E00A9227E /* IBSwitch.entitlements */ = {isa = PBXFileReference; lastKnownFileType = text.plist.entitlements; path = IBSwitch.entitlements; sourceTree = "<group>"; };
		2024733C2128264900A9227E /* IBSwitch.swift */ = {isa = PBXFileReference; lastKnownFileType = sourcecode.swift; path = IBSwitch.swift; sourceTree = "<group>"; };
		2024733E212828F400A9227E /* switchApp.icns */ = {isa = PBXFileReference; lastKnownFileType = image.icns; path = switchApp.icns; sourceTree = "<group>"; };
/* End PBXFileReference section */

/* Begin PBXFrameworksBuildPhase section */
		202473252128260D00A9227E /* Frameworks */ = {
			isa = PBXFrameworksBuildPhase;
			buildActionMask = 2147483647;
			files = (
			);
			runOnlyForDeploymentPostprocessing = 0;
		};
/* End PBXFrameworksBuildPhase section */

/* Begin PBXGroup section */
		2024731F2128260D00A9227E = {
			isa = PBXGroup;
			children = (
				2024732A2128260D00A9227E /* IBSwitch */,
				202473292128260D00A9227E /* Products */,
			);
			sourceTree = "<group>";
		};
		202473292128260D00A9227E /* Products */ = {
			isa = PBXGroup;
			children = (
				202473282128260D00A9227E /* IBSwitch.app */,
			);
			name = Products;
			sourceTree = "<group>";
		};
		2024732A2128260D00A9227E /* IBSwitch */ = {
			isa = PBXGroup;
			children = (
				2024732B2128260D00A9227E /* AppDelegate.swift */,
				2024732D2128260D00A9227E /* ViewController.swift */,
				2024733C2128264900A9227E /* IBSwitch.swift */,
				202473312128260E00A9227E /* Main.storyboard */,
				2024733B2128261400A9227E /* Resources */,
				202473352128260E00A9227E /* IBSwitch.entitlements */,
			);
			path = IBSwitch;
			sourceTree = "<group>";
		};
		2024733B2128261400A9227E /* Resources */ = {
			isa = PBXGroup;
			children = (
				2024733E212828F400A9227E /* switchApp.icns */,
				202473342128260E00A9227E /* Info.plist */,
				2024732F2128260E00A9227E /* Assets.xcassets */,
			);
			path = Resources;
			sourceTree = "<group>";
		};
/* End PBXGroup section */

/* Begin PBXNativeTarget section */
		202473272128260D00A9227E /* IBSwitch */ = {
			isa = PBXNativeTarget;
			buildConfigurationList = 202473382128260E00A9227E /* Build configuration list for PBXNativeTarget "IBSwitch" */;
			buildPhases = (
				202473242128260D00A9227E /* Sources */,
				202473252128260D00A9227E /* Frameworks */,
				202473262128260D00A9227E /* Resources */,
			);
			buildRules = (
			);
			dependencies = (
			);
			name = IBSwitch;
			productName = IBSwitch;
			productReference = 202473282128260D00A9227E /* IBSwitch.app */;
			productType = "com.apple.product-type.application";
		};
/* End PBXNativeTarget section */

/* Begin PBXProject section */
		202473202128260D00A9227E /* Project object */ = {
			isa = PBXProject;
			attributes = {
				LastSwiftUpdateCheck = 0940;
				LastUpgradeCheck = 0940;
				ORGANIZATIONNAME = vladgohn;
				TargetAttributes = {
					202473272128260D00A9227E = {
						CreatedOnToolsVersion = 9.4.1;
					};
				};
			};
			buildConfigurationList = 202473232128260D00A9227E /* Build configuration list for PBXProject "IBSwitch" */;
			compatibilityVersion = "Xcode 9.3";
			developmentRegion = en;
			hasScannedForEncodings = 0;
			knownRegions = (
				en,
				Base,
			);
			mainGroup = 2024731F2128260D00A9227E;
			productRefGroup = 202473292128260D00A9227E /* Products */;
			projectDirPath = "";
			projectRoot = "";
			targets = (
				202473272128260D00A9227E /* IBSwitch */,
			);
		};
/* End PBXProject section */

/* Begin PBXResourcesBuildPhase section */
		202473262128260D00A9227E /* Resources */ = {
			isa = PBXResourcesBuildPhase;
			buildActionMask = 2147483647;
			files = (
				202473302128260E00A9227E /* Assets.xcassets in Resources */,
				202473332128260E00A9227E /* Main.storyboard in Resources */,
				2024733F212828F400A9227E /* switchApp.icns in Resources */,
			);
			runOnlyForDeploymentPostprocessing = 0;
		};
/* End PBXResourcesBuildPhase section */

/* Begin PBXSourcesBuildPhase section */
		202473242128260D00A9227E /* Sources */ = {
			isa = PBXSourcesBuildPhase;
			buildActionMask = 2147483647;
			files = (
				2024733D2128264900A9227E /* IBSwitch.swift in Sources */,
				2024732E2128260D00A9227E /* ViewController.swift in Sources */,
				2024732C2128260D00A9227E /* AppDelegate.swift in Sources */,
			);
			runOnlyForDeploymentPostprocessing = 0;
		};
/* End PBXSourcesBuildPhase section */

/* Begin PBXVariantGroup section */
		202473312128260E00A9227E /* Main.storyboard */ = {
			isa = PBXVariantGroup;
			children = (
				202473322128260E00A9227E /* Base */,
			);
			name = Main.storyboard;
			sourceTree = "<group>";
		};
/* End PBXVariantGroup section */

/* Begin XCBuildConfiguration section */
		202473362128260E00A9227E /* Debug */ = {
			isa = XCBuildConfiguration;
			buildSettings = {
				ALWAYS_SEARCH_USER_PATHS = NO;
				CLANG_ANALYZER_NONNULL = YES;
				CLANG_ANALYZER_NUMBER_OBJECT_CONVERSION = YES_AGGRESSIVE;
				CLANG_CXX_LANGUAGE_STANDARD = "gnu++14";
				CLANG_CXX_LIBRARY = "libc++";
				CLANG_ENABLE_MODULES = YES;
				CLANG_ENABLE_OBJC_ARC = YES;
				CLANG_ENABLE_OBJC_WEAK = YES;
				CLANG_WARN_BLOCK_CAPTURE_AUTORELEASING = YES;
				CLANG_WARN_BOOL_CONVERSION = YES;
				CLANG_WARN_COMMA = YES;
				CLANG_WARN_CONSTANT_CONVERSION = YES;
				CLANG_WARN_DEPRECATED_OBJC_IMPLEMENTATIONS = YES;
				CLANG_WARN_DIRECT_OBJC_ISA_USAGE = YES_ERROR;
				CLANG_WARN_DOCUMENTATION_COMMENTS = YES;
				CLANG_WARN_EMPTY_BODY = YES;
				CLANG_WARN_ENUM_CONVERSION = YES;
				CLANG_WARN_INFINITE_RECURSION = YES;
				CLANG_WARN_INT_CONVERSION = YES;
				CLANG_WARN_NON_LITERAL_NULL_CONVERSION = YES;
				CLANG_WARN_OBJC_IMPLICIT_RETAIN_SELF = YES;
				CLANG_WARN_OBJC_LITERAL_CONVERSION = YES;
				CLANG_WARN_OBJC_ROOT_CLASS = YES_ERROR;
				CLANG_WARN_RANGE_LOOP_ANALYSIS = YES;
				CLANG_WARN_STRICT_PROTOTYPES = YES;
				CLANG_WARN_SUSPICIOUS_MOVE = YES;
				CLANG_WARN_UNGUARDED_AVAILABILITY = YES_AGGRESSIVE;
				CLANG_WARN_UNREACHABLE_CODE = YES;
				CLANG_WARN__DUPLICATE_METHOD_MATCH = YES;
				CODE_SIGN_IDENTITY = "Mac Developer";
				COPY_PHASE_STRIP = NO;
				DEBUG_INFORMATION_FORMAT = dwarf;
				ENABLE_STRICT_OBJC_MSGSEND = YES;
				ENABLE_TESTABILITY = YES;
				GCC_C_LANGUAGE_STANDARD = gnu11;
				GCC_DYNAMIC_NO_PIC = NO;
				GCC_NO_COMMON_BLOCKS = YES;
				GCC_OPTIMIZATION_LEVEL = 0;
				GCC_PREPROCESSOR_DEFINITIONS = (
					"DEBUG=1",
					"$(inherited)",
				);
				GCC_WARN_64_TO_32_BIT_CONVERSION = YES;
				GCC_WARN_ABOUT_RETURN_TYPE = YES_ERROR;
				GCC_WARN_UNDECLARED_SELECTOR = YES;
				GCC_WARN_UNINITIALIZED_AUTOS = YES_AGGRESSIVE;
				GCC_WARN_UNUSED_FUNCTION = YES;
				GCC_WARN_UNUSED_VARIABLE = YES;
				MACOSX_DEPLOYMENT_TARGET = 10.13;
				MTL_ENABLE_DEBUG_INFO = YES;
				ONLY_ACTIVE_ARCH = YES;
				SDKROOT = macosx;
				SWIFT_ACTIVE_COMPILATION_CONDITIONS = DEBUG;
				SWIFT_OPTIMIZATION_LEVEL = "-Onone";
			};
			name = Debug;
		};
		202473372128260E00A9227E /* Release */ = {
			isa = XCBuildConfiguration;
			buildSettings = {
				ALWAYS_SEARCH_USER_PATHS = NO;
				CLANG_ANALYZER_NONNULL = YES;
				CLANG_ANALYZER_NUMBER_OBJECT_CONVERSION = YES_AGGRESSIVE;
				CLANG_CXX_LANGUAGE_STANDARD = "gnu++14";
				CLANG_CXX_LIBRARY = "libc++";
				CLANG_ENABLE_MODULES = YES;
				CLANG_ENABLE_OBJC_ARC = YES;
				CLANG_ENABLE_OBJC_WEAK = YES;
				CLANG_WARN_BLOCK_CAPTURE_AUTORELEASING = YES;
				CLANG_WARN_BOOL_CONVERSION = YES;
				CLANG_WARN_COMMA = YES;
				CLANG_WARN_CONSTANT_CONVERSION = YES;
				CLANG_WARN_DEPRECATED_OBJC_IMPLEMENTATIONS = YES;
				CLANG_WARN_DIRECT_OBJC_ISA_USAGE = YES_ERROR;
				CLANG_WARN_DOCUMENTATION_COMMENTS = YES;
				CLANG_WARN_EMPTY_BODY = YES;
				CLANG_WARN_ENUM_CONVERSION = YES;
				CLANG_WARN_INFINITE_RECURSION = YES;
				CLANG_WARN_INT_CONVERSION = YES;
				CLANG_WARN_NON_LITERAL_NULL_CONVERSION = YES;
				CLANG_WARN_OBJC_IMPLICIT_RETAIN_SELF = YES;
				CLANG_WARN_OBJC_LITERAL_CONVERSION = YES;
				CLANG_WARN_OBJC_ROOT_CLASS = YES_ERROR;
				CLANG_WARN_RANGE_LOOP_ANALYSIS = YES;
				CLANG_WARN_STRICT_PROTOTYPES = YES;
				CLANG_WARN_SUSPICIOUS_MOVE = YES;
				CLANG_WARN_UNGUARDED_AVAILABILITY = YES_AGGRESSIVE;
				CLANG_WARN_UNREACHABLE_CODE = YES;
				CLANG_WARN__DUPLICATE_METHOD_MATCH = YES;
				CODE_SIGN_IDENTITY = "Mac Developer";
				COPY_PHASE_STRIP = NO;
				DEBUG_INFORMATION_FORMAT = "dwarf-with-dsym";
				ENABLE_NS_ASSERTIONS = NO;
				ENABLE_STRICT_OBJC_MSGSEND = YES;
				GCC_C_LANGUAGE_STANDARD = gnu11;
				GCC_NO_COMMON_BLOCKS = YES;
				GCC_WARN_64_TO_32_BIT_CONVERSION = YES;
				GCC_WARN_ABOUT_RETURN_TYPE = YES_ERROR;
				GCC_WARN_UNDECLARED_SELECTOR = YES;
				GCC_WARN_UNINITIALIZED_AUTOS = YES_AGGRESSIVE;
				GCC_WARN_UNUSED_FUNCTION = YES;
				GCC_WARN_UNUSED_VARIABLE = YES;
				MACOSX_DEPLOYMENT_TARGET = 10.13;
				MTL_ENABLE_DEBUG_INFO = NO;
				SDKROOT = macosx;
				SWIFT_COMPILATION_MODE = wholemodule;
				SWIFT_OPTIMIZATION_LEVEL = "-O";
			};
			name = Release;
		};
		202473392128260E00A9227E /* Debug */ = {
			isa = XCBuildConfiguration;
			buildSettings = {
				CODE_SIGN_ENTITLEMENTS = IBSwitch/IBSwitch.entitlements;
				CODE_SIGN_STYLE = Automatic;
				COMBINE_HIDPI_IMAGES = YES;
				DEVELOPMENT_TEAM = 635U9725A4;
				INFOPLIST_FILE = "$(SRCROOT)/IBSwitch/Resources/Info.plist";
				LD_RUNPATH_SEARCH_PATHS = (
					"$(inherited)",
					"@executable_path/../Frameworks",
				);
				PRODUCT_BUNDLE_IDENTIFIER = com.iconberry.IBSwitch;
				PRODUCT_NAME = "$(TARGET_NAME)";
				SWIFT_VERSION = 4.0;
			};
			name = Debug;
		};
		2024733A2128260E00A9227E /* Release */ = {
			isa = XCBuildConfiguration;
			buildSettings = {
				CODE_SIGN_ENTITLEMENTS = IBSwitch/IBSwitch.entitlements;
				CODE_SIGN_STYLE = Automatic;
				COMBINE_HIDPI_IMAGES = YES;
				DEVELOPMENT_TEAM = 635U9725A4;
				INFOPLIST_FILE = "$(SRCROOT)/IBSwitch/Resources/Info.plist";
				LD_RUNPATH_SEARCH_PATHS = (
					"$(inherited)",
					"@executable_path/../Frameworks",
				);
				PRODUCT_BUNDLE_IDENTIFIER = com.iconberry.IBSwitch;
				PRODUCT_NAME = "$(TARGET_NAME)";
				SWIFT_VERSION = 4.0;
			};
			name = Release;
		};
/* End XCBuildConfiguration section */

/* Begin XCConfigurationList section */
		202473232128260D00A9227E /* Build configuration list for PBXProject "IBSwitch" */ = {
			isa = XCConfigurationList;
			buildConfigurations = (
				202473362128260E00A9227E /* Debug */,
				202473372128260E00A9227E /* Release */,
			);
			defaultConfigurationIsVisible = 0;
			defaultConfigurationName = Release;
		};
		202473382128260E00A9227E /* Build configuration list for PBXNativeTarget "IBSwitch" */ = {
			isa = XCConfigurationList;
			buildConfigurations = (
				202473392128260E00A9227E /* Debug */,
				2024733A2128260E00A9227E /* Release */,
			);
			defaultConfigurationIsVisible = 0;
			defaultConfigurationName = Release;
		};
/* End XCConfigurationList section */
	};
	rootObject = 202473202128260D00A9227E /* Project object */;
}
